
Microsoft Visual Studio Solution File, Format Version 12.00
# Visual Studio 14
VisualStudioVersion = 14.0.25420.1
MinimumVisualStudioVersion = 10.0.40219.1
Project("{FAE04EC0-301F-11D3-BF4B-00C04F79EFBC}") = "DajoChicking", "DajoChicking\DajoChicking\DajoChicking.csproj", "{2C62F8FD-910E-4CCB-90A6-58E9563B9817}"
EndProject
Project("{FAE04EC0-301F-11D3-BF4B-00C04F79EFBC}") = "DajoChicking.Droid", "DajoChicking\DajoChicking.Droid\DajoChicking.Droid.csproj", "{C38E979B-6EAD-4B85-BC9B-87EB9909DE23}"
EndProject
Project("{FAE04EC0-301F-11D3-BF4B-00C04F79EFBC}") = "DajoChicking.iOS", "DajoChicking\DajoChicking.iOS\DajoChicking.iOS.csproj", "{6F7023EF-B536-4547-859F-4B54064AC2BA}"
EndProject
Project("{FAE04EC0-301F-11D3-BF4B-00C04F79EFBC}") = "DajoChicking.WinPhone", "DajoChicking\DajoChicking.WinPhone\DajoChicking.WinPhone.csproj", "{C1FB1603-69D9-4292-916B-94623198BFA6}"
EndProject
Project("{FAE04EC0-301F-11D3-BF4B-00C04F79EFBC}") = "DajoChicking.UWP", "DajoChicking\DajoChicking.UWP\DajoChicking.UWP.csproj", "{95ABD55D-8640-4B22-8290-955BC9EF03EB}"
EndProject
Project("{FAE04EC0-301F-11D3-BF4B-00C04F79EFBC}") = "DajoChicking.Windows", "DajoChicking\DajoChicking.Windows\DajoChicking.Windows.csproj", "{8D954B73-BC82-4213-A184-30417BB6E887}"
EndProject
Global
	GlobalSection(SolutionConfigurationPlatforms) = preSolution
		Ad-Hoc|Any CPU = Ad-Hoc|Any CPU
		Ad-Hoc|ARM = Ad-Hoc|ARM
		Ad-Hoc|iPhone = Ad-Hoc|iPhone
		Ad-Hoc|iPhoneSimulator = Ad-Hoc|iPhoneSimulator
		Ad-Hoc|x64 = Ad-Hoc|x64
		Ad-Hoc|x86 = Ad-Hoc|x86
		AppStore|Any CPU = AppStore|Any CPU
		AppStore|ARM = AppStore|ARM
		AppStore|iPhone = AppStore|iPhone
		AppStore|iPhoneSimulator = AppStore|iPhoneSimulator
		AppStore|x64 = AppStore|x64
		AppStore|x86 = AppStore|x86
		Debug|Any CPU = Debug|Any CPU
		Debug|ARM = Debug|ARM
		Debug|iPhone = Debug|iPhone
		Debug|iPhoneSimulator = Debug|iPhoneSimulator
		Debug|x64 = Debug|x64
		Debug|x86 = Debug|x86
		Release|Any CPU = Release|Any CPU
		Release|ARM = Release|ARM
		Release|iPhone = Release|iPhone
		Release|iPhoneSimulator = Release|iPhoneSimulator
		Release|x64 = Release|x64
		Release|x86 = Release|x86
	EndGlobalSection
	GlobalSection(ProjectConfigurationPlatforms) = postSolution
		{2C62F8FD-910E-4CCB-90A6-58E9563B9817}.Ad-Hoc|Any CPU.ActiveCfg = Release|Any CPU
		{2C62F8FD-910E-4CCB-90A6-58E9563B9817}.Ad-Hoc|Any CPU.Build.0 = Release|Any CPU
		{2C62F8FD-910E-4CCB-90A6-58E9563B9817}.Ad-Hoc|ARM.ActiveCfg = Release|Any CPU
		{2C62F8FD-910E-4CCB-90A6-58E9563B9817}.Ad-Hoc|ARM.Build.0 = Release|Any CPU
		{2C62F8FD-910E-4CCB-90A6-58E9563B9817}.Ad-Hoc|iPhone.ActiveCfg = Release|Any CPU
		{2C62F8FD-910E-4CCB-90A6-58E9563B9817}.Ad-Hoc|iPhone.Build.0 = Release|Any CPU
		{2C62F8FD-910E-4CCB-90A6-58E9563B9817}.Ad-Hoc|iPhoneSimulator.ActiveCfg = Release|Any CPU
		{2C62F8FD-910E-4CCB-90A6-58E9563B9817}.Ad-Hoc|iPhoneSimulator.Build.0 = Release|Any CPU
		{2C62F8FD-910E-4CCB-90A6-58E9563B9817}.Ad-Hoc|x64.ActiveCfg = Release|Any CPU
		{2C62F8FD-910E-4CCB-90A6-58E9563B9817}.Ad-Hoc|x64.Build.0 = Release|Any CPU
		{2C62F8FD-910E-4CCB-90A6-58E9563B9817}.Ad-Hoc|x86.ActiveCfg = Release|Any CPU
		{2C62F8FD-910E-4CCB-90A6-58E9563B9817}.Ad-Hoc|x86.Build.0 = Release|Any CPU
		{2C62F8FD-910E-4CCB-90A6-58E9563B9817}.AppStore|Any CPU.ActiveCfg = Release|Any CPU
		{2C62F8FD-910E-4CCB-90A6-58E9563B9817}.AppStore|Any CPU.Build.0 = Release|Any CPU
		{2C62F8FD-910E-4CCB-90A6-58E9563B9817}.AppStore|ARM.ActiveCfg = Release|Any CPU
		{2C62F8FD-910E-4CCB-90A6-58E9563B9817}.AppStore|ARM.Build.0 = Release|Any CPU
		{2C62F8FD-910E-4CCB-90A6-58E9563B9817}.AppStore|iPhone.ActiveCfg = Release|Any CPU
		{2C62F8FD-910E-4CCB-90A6-58E9563B9817}.AppStore|iPhone.Build.0 = Release|Any CPU
		{2C62F8FD-910E-4CCB-90A6-58E9563B9817}.AppStore|iPhoneSimulator.ActiveCfg = Release|Any CPU
		{2C62F8FD-910E-4CCB-90A6-58E9563B9817}.AppStore|iPhoneSimulator.Build.0 = Release|Any CPU
		{2C62F8FD-910E-4CCB-90A6-58E9563B9817}.AppStore|x64.ActiveCfg = Release|Any CPU
		{2C62F8FD-910E-4CCB-90A6-58E9563B9817}.AppStore|x64.Build.0 = Release|Any CPU
		{2C62F8FD-910E-4CCB-90A6-58E9563B9817}.AppStore|x86.ActiveCfg = Release|Any CPU
		{2C62F8FD-910E-4CCB-90A6-58E9563B9817}.AppStore|x86.Build.0 = Release|Any CPU
		{2C62F8FD-910E-4CCB-90A6-58E9563B9817}.Debug|Any CPU.ActiveCfg = Debug|Any CPU
		{2C62F8FD-910E-4CCB-90A6-58E9563B9817}.Debug|Any CPU.Build.0 = Debug|Any CPU
		{2C62F8FD-910E-4CCB-90A6-58E9563B9817}.Debug|ARM.ActiveCfg = Debug|Any CPU
		{2C62F8FD-910E-4CCB-90A6-58E9563B9817}.Debug|ARM.Build.0 = Debug|Any CPU
		{2C62F8FD-910E-4CCB-90A6-58E9563B9817}.Debug|iPhone.ActiveCfg = Debug|Any CPU
		{2C62F8FD-910E-4CCB-90A6-58E9563B9817}.Debug|iPhone.Build.0 = Debug|Any CPU
		{2C62F8FD-910E-4CCB-90A6-58E9563B9817}.Debug|iPhoneSimulator.ActiveCfg = Debug|Any CPU
		{2C62F8FD-910E-4CCB-90A6-58E9563B9817}.Debug|iPhoneSimulator.Build.0 = Debug|Any CPU
		{2C62F8FD-910E-4CCB-90A6-58E9563B9817}.Debug|x64.ActiveCfg = Debug|Any CPU
		{2C62F8FD-910E-4CCB-90A6-58E9563B9817}.Debug|x64.Build.0 = Debug|Any CPU
		{2C62F8FD-910E-4CCB-90A6-58E9563B9817}.Debug|x86.ActiveCfg = Debug|Any CPU
		{2C62F8FD-910E-4CCB-90A6-58E9563B9817}.Debug|x86.Build.0 = Debug|Any CPU
		{2C62F8FD-910E-4CCB-90A6-58E9563B9817}.Release|Any CPU.ActiveCfg = Release|Any CPU
		{2C62F8FD-910E-4CCB-90A6-58E9563B9817}.Release|Any CPU.Build.0 = Release|Any CPU
		{2C62F8FD-910E-4CCB-90A6-58E9563B9817}.Release|ARM.ActiveCfg = Release|Any CPU
		{2C62F8FD-910E-4CCB-90A6-58E9563B9817}.Release|ARM.Build.0 = Release|Any CPU
		{2C62F8FD-910E-4CCB-90A6-58E9563B9817}.Release|iPhone.ActiveCfg = Release|Any CPU
		{2C62F8FD-910E-4CCB-90A6-58E9563B9817}.Release|iPhone.Build.0 = Release|Any CPU
		{2C62F8FD-910E-4CCB-90A6-58E9563B9817}.Release|iPhoneSimulator.ActiveCfg = Release|Any CPU
		{2C62F8FD-910E-4CCB-90A6-58E9563B9817}.Release|iPhoneSimulator.Build.0 = Release|Any CPU
		{2C62F8FD-910E-4CCB-90A6-58E9563B9817}.Release|x64.ActiveCfg = Release|Any CPU
		{2C62F8FD-910E-4CCB-90A6-58E9563B9817}.Release|x64.Build.0 = Release|Any CPU
		{2C62F8FD-910E-4CCB-90A6-58E9563B9817}.Release|x86.ActiveCfg = Release|Any CPU
		{2C62F8FD-910E-4CCB-90A6-58E9563B9817}.Release|x86.Build.0 = Release|Any CPU
		{C38E979B-6EAD-4B85-BC9B-87EB9909DE23}.Ad-Hoc|Any CPU.ActiveCfg = Release|Any CPU
		{C38E979B-6EAD-4B85-BC9B-87EB9909DE23}.Ad-Hoc|Any CPU.Build.0 = Release|Any CPU
		{C38E979B-6EAD-4B85-BC9B-87EB9909DE23}.Ad-Hoc|Any CPU.Deploy.0 = Release|Any CPU
		{C38E979B-6EAD-4B85-BC9B-87EB9909DE23}.Ad-Hoc|ARM.ActiveCfg = Release|Any CPU
		{C38E979B-6EAD-4B85-BC9B-87EB9909DE23}.Ad-Hoc|ARM.Build.0 = Release|Any CPU
		{C38E979B-6EAD-4B85-BC9B-87EB9909DE23}.Ad-Hoc|ARM.Deploy.0 = Release|Any CPU
		{C38E979B-6EAD-4B85-BC9B-87EB9909DE23}.Ad-Hoc|iPhone.ActiveCfg = Release|Any CPU
		{C38E979B-6EAD-4B85-BC9B-87EB9909DE23}.Ad-Hoc|iPhone.Build.0 = Release|Any CPU
		{C38E979B-6EAD-4B85-BC9B-87EB9909DE23}.Ad-Hoc|iPhone.Deploy.0 = Release|Any CPU
		{C38E979B-6EAD-4B85-BC9B-87EB9909DE23}.Ad-Hoc|iPhoneSimulator.ActiveCfg = Release|Any CPU
		{C38E979B-6EAD-4B85-BC9B-87EB9909DE23}.Ad-Hoc|iPhoneSimulator.Build.0 = Release|Any CPU
		{C38E979B-6EAD-4B85-BC9B-87EB9909DE23}.Ad-Hoc|iPhoneSimulator.Deploy.0 = Release|Any CPU
		{C38E979B-6EAD-4B85-BC9B-87EB9909DE23}.Ad-Hoc|x64.ActiveCfg = Release|Any CPU
		{C38E979B-6EAD-4B85-BC9B-87EB9909DE23}.Ad-Hoc|x64.Build.0 = Release|Any CPU
		{C38E979B-6EAD-4B85-BC9B-87EB9909DE23}.Ad-Hoc|x64.Deploy.0 = Release|Any CPU
		{C38E979B-6EAD-4B85-BC9B-87EB9909DE23}.Ad-Hoc|x86.ActiveCfg = Release|Any CPU
		{C38E979B-6EAD-4B85-BC9B-87EB9909DE23}.Ad-Hoc|x86.Build.0 = Release|Any CPU
		{C38E979B-6EAD-4B85-BC9B-87EB9909DE23}.Ad-Hoc|x86.Deploy.0 = Release|Any CPU
		{C38E979B-6EAD-4B85-BC9B-87EB9909DE23}.AppStore|Any CPU.ActiveCfg = Release|Any CPU
		{C38E979B-6EAD-4B85-BC9B-87EB9909DE23}.AppStore|Any CPU.Build.0 = Release|Any CPU
		{C38E979B-6EAD-4B85-BC9B-87EB9909DE23}.AppStore|Any CPU.Deploy.0 = Release|Any CPU
		{C38E979B-6EAD-4B85-BC9B-87EB9909DE23}.AppStore|ARM.ActiveCfg = Release|Any CPU
		{C38E979B-6EAD-4B85-BC9B-87EB9909DE23}.AppStore|ARM.Build.0 = Release|Any CPU
		{C38E979B-6EAD-4B85-BC9B-87EB9909DE23}.AppStore|ARM.Deploy.0 = Release|Any CPU
		{C38E979B-6EAD-4B85-BC9B-87EB9909DE23}.AppStore|iPhone.ActiveCfg = Release|Any CPU
		{C38E979B-6EAD-4B85-BC9B-87EB9909DE23}.AppStore|iPhone.Build.0 = Release|Any CPU
		{C38E979B-6EAD-4B85-BC9B-87EB9909DE23}.AppStore|iPhone.Deploy.0 = Release|Any CPU
		{C38E979B-6EAD-4B85-BC9B-87EB9909DE23}.AppStore|iPhoneSimulator.ActiveCfg = Release|Any CPU
		{C38E979B-6EAD-4B85-BC9B-87EB9909DE23}.AppStore|iPhoneSimulator.Build.0 = Release|Any CPU
		{C38E979B-6EAD-4B85-BC9B-87EB9909DE23}.AppStore|iPhoneSimulator.Deploy.0 = Release|Any CPU
		{C38E979B-6EAD-4B85-BC9B-87EB9909DE23}.AppStore|x64.ActiveCfg = Release|Any CPU
		{C38E979B-6EAD-4B85-BC9B-87EB9909DE23}.AppStore|x64.Build.0 = Release|Any CPU
		{C38E979B-6EAD-4B85-BC9B-87EB9909DE23}.AppStore|x64.Deploy.0 = Release|Any CPU
		{C38E979B-6EAD-4B85-BC9B-87EB9909DE23}.AppStore|x86.ActiveCfg = Release|Any CPU
		{C38E979B-6EAD-4B85-BC9B-87EB9909DE23}.AppStore|x86.Build.0 = Release|Any CPU
		{C38E979B-6EAD-4B85-BC9B-87EB9909DE23}.AppStore|x86.Deploy.0 = Release|Any CPU
		{C38E979B-6EAD-4B85-BC9B-87EB9909DE23}.Debug|Any CPU.ActiveCfg = Debug|Any CPU
		{C38E979B-6EAD-4B85-BC9B-87EB9909DE23}.Debug|Any CPU.Build.0 = Debug|Any CPU
		{C38E979B-6EAD-4B85-BC9B-87EB9909DE23}.Debug|Any CPU.Deploy.0 = Debug|Any CPU
		{C38E979B-6EAD-4B85-BC9B-87EB9909DE23}.Debug|ARM.ActiveCfg = Debug|Any CPU
		{C38E979B-6EAD-4B85-BC9B-87EB9909DE23}.Debug|ARM.Build.0 = Debug|Any CPU
		{C38E979B-6EAD-4B85-BC9B-87EB9909DE23}.Debug|ARM.Deploy.0 = Debug|Any CPU
		{C38E979B-6EAD-4B85-BC9B-87EB9909DE23}.Debug|iPhone.ActiveCfg = Debug|Any CPU
		{C38E979B-6EAD-4B85-BC9B-87EB9909DE23}.Debug|iPhone.Build.0 = Debug|Any CPU
		{C38E979B-6EAD-4B85-BC9B-87EB9909DE23}.Debug|iPhone.Deploy.0 = Debug|Any CPU
		{C38E979B-6EAD-4B85-BC9B-87EB9909DE23}.Debug|iPhoneSimulator.ActiveCfg = Debug|Any CPU
		{C38E979B-6EAD-4B85-BC9B-87EB9909DE23}.Debug|iPhoneSimulator.Build.0 = Debug|Any CPU
		{C38E979B-6EAD-4B85-BC9B-87EB9909DE23}.Debug|iPhoneSimulator.Deploy.0 = Debug|Any CPU
		{C38E979B-6EAD-4B85-BC9B-87EB9909DE23}.Debug|x64.ActiveCfg = Debug|Any CPU
		{C38E979B-6EAD-4B85-BC9B-87EB9909DE23}.Debug|x64.Build.0 = Debug|Any CPU
		{C38E979B-6EAD-4B85-BC9B-87EB9909DE23}.Debug|x64.Deploy.0 = Debug|Any CPU
		{C38E979B-6EAD-4B85-BC9B-87EB9909DE23}.Debug|x86.ActiveCfg = Debug|Any CPU
		{C38E979B-6EAD-4B85-BC9B-87EB9909DE23}.Debug|x86.Build.0 = Debug|Any CPU
		{C38E979B-6EAD-4B85-BC9B-87EB9909DE23}.Debug|x86.Deploy.0 = Debug|Any CPU
		{C38E979B-6EAD-4B85-BC9B-87EB9909DE23}.Release|Any CPU.ActiveCfg = Release|Any CPU
		{C38E979B-6EAD-4B85-BC9B-87EB9909DE23}.Release|Any CPU.Build.0 = Release|Any CPU
		{C38E979B-6EAD-4B85-BC9B-87EB9909DE23}.Release|Any CPU.Deploy.0 = Release|Any CPU
		{C38E979B-6EAD-4B85-BC9B-87EB9909DE23}.Release|ARM.ActiveCfg = Release|Any CPU
		{C38E979B-6EAD-4B85-BC9B-87EB9909DE23}.Release|ARM.Build.0 = Release|Any CPU
		{C38E979B-6EAD-4B85-BC9B-87EB9909DE23}.Release|ARM.Deploy.0 = Release|Any CPU
		{C38E979B-6EAD-4B85-BC9B-87EB9909DE23}.Release|iPhone.ActiveCfg = Release|Any CPU
		{C38E979B-6EAD-4B85-BC9B-87EB9909DE23}.Release|iPhone.Build.0 = Release|Any CPU
		{C38E979B-6EAD-4B85-BC9B-87EB9909DE23}.Release|iPhone.Deploy.0 = Release|Any CPU
		{C38E979B-6EAD-4B85-BC9B-87EB9909DE23}.Release|iPhoneSimulator.ActiveCfg = Release|Any CPU
		{C38E979B-6EAD-4B85-BC9B-87EB9909DE23}.Release|iPhoneSimulator.Build.0 = Release|Any CPU
		{C38E979B-6EAD-4B85-BC9B-87EB9909DE23}.Release|iPhoneSimulator.Deploy.0 = Release|Any CPU
		{C38E979B-6EAD-4B85-BC9B-87EB9909DE23}.Release|x64.ActiveCfg = Release|Any CPU
		{C38E979B-6EAD-4B85-BC9B-87EB9909DE23}.Release|x64.Build.0 = Release|Any CPU
		{C38E979B-6EAD-4B85-BC9B-87EB9909DE23}.Release|x64.Deploy.0 = Release|Any CPU
		{C38E979B-6EAD-4B85-BC9B-87EB9909DE23}.Release|x86.ActiveCfg = Release|Any CPU
		{C38E979B-6EAD-4B85-BC9B-87EB9909DE23}.Release|x86.Build.0 = Release|Any CPU
		{C38E979B-6EAD-4B85-BC9B-87EB9909DE23}.Release|x86.Deploy.0 = Release|Any CPU
		{6F7023EF-B536-4547-859F-4B54064AC2BA}.Ad-Hoc|Any CPU.ActiveCfg = Ad-Hoc|iPhone
		{6F7023EF-B536-4547-859F-4B54064AC2BA}.Ad-Hoc|ARM.ActiveCfg = Ad-Hoc|iPhone
		{6F7023EF-B536-4547-859F-4B54064AC2BA}.Ad-Hoc|iPhone.ActiveCfg = Ad-Hoc|iPhone
		{6F7023EF-B536-4547-859F-4B54064AC2BA}.Ad-Hoc|iPhone.Build.0 = Ad-Hoc|iPhone
		{6F7023EF-B536-4547-859F-4B54064AC2BA}.Ad-Hoc|iPhoneSimulator.ActiveCfg = Ad-Hoc|iPhoneSimulator
		{6F7023EF-B536-4547-859F-4B54064AC2BA}.Ad-Hoc|iPhoneSimulator.Build.0 = Ad-Hoc|iPhoneSimulator
		{6F7023EF-B536-4547-859F-4B54064AC2BA}.Ad-Hoc|x64.ActiveCfg = Ad-Hoc|iPhone
		{6F7023EF-B536-4547-859F-4B54064AC2BA}.Ad-Hoc|x86.ActiveCfg = Ad-Hoc|iPhone
		{6F7023EF-B536-4547-859F-4B54064AC2BA}.AppStore|Any CPU.ActiveCfg = AppStore|iPhone
		{6F7023EF-B536-4547-859F-4B54064AC2BA}.AppStore|ARM.ActiveCfg = AppStore|iPhone
		{6F7023EF-B536-4547-859F-4B54064AC2BA}.AppStore|iPhone.ActiveCfg = AppStore|iPhone
		{6F7023EF-B536-4547-859F-4B54064AC2BA}.AppStore|iPhone.Build.0 = AppStore|iPhone
		{6F7023EF-B536-4547-859F-4B54064AC2BA}.AppStore|iPhoneSimulator.ActiveCfg = AppStore|iPhoneSimulator
		{6F7023EF-B536-4547-859F-4B54064AC2BA}.AppStore|iPhoneSimulator.Build.0 = AppStore|iPhoneSimulator
		{6F7023EF-B536-4547-859F-4B54064AC2BA}.AppStore|x64.ActiveCfg = AppStore|iPhone
		{6F7023EF-B536-4547-859F-4B54064AC2BA}.AppStore|x86.ActiveCfg = AppStore|iPhone
		{6F7023EF-B536-4547-859F-4B54064AC2BA}.Debug|Any CPU.ActiveCfg = Debug|iPhone
		{6F7023EF-B536-4547-859F-4B54064AC2BA}.Debug|ARM.ActiveCfg = Debug|iPhone
		{6F7023EF-B536-4547-859F-4B54064AC2BA}.Debug|iPhone.ActiveCfg = Debug|iPhone
		{6F7023EF-B536-4547-859F-4B54064AC2BA}.Debug|iPhone.Build.0 = Debug|iPhone
		{6F7023EF-B536-4547-859F-4B54064AC2BA}.Debug|iPhoneSimulator.ActiveCfg = Debug|iPhoneSimulator
		{6F7023EF-B536-4547-859F-4B54064AC2BA}.Debug|iPhoneSimulator.Build.0 = Debug|iPhoneSimulator
		{6F7023EF-B536-4547-859F-4B54064AC2BA}.Debug|x64.ActiveCfg = Debug|iPhone
		{6F7023EF-B536-4547-859F-4B54064AC2BA}.Debug|x86.ActiveCfg = Debug|iPhone
		{6F7023EF-B536-4547-859F-4B54064AC2BA}.Release|Any CPU.ActiveCfg = Release|iPhone
		{6F7023EF-B536-4547-859F-4B54064AC2BA}.Release|ARM.ActiveCfg = Release|iPhone
		{6F7023EF-B536-4547-859F-4B54064AC2BA}.Release|iPhone.ActiveCfg = Release|iPhone
		{6F7023EF-B536-4547-859F-4B54064AC2BA}.Release|iPhone.Build.0 = Release|iPhone
		{6F7023EF-B536-4547-859F-4B54064AC2BA}.Release|iPhoneSimulator.ActiveCfg = Release|iPhoneSimulator
		{6F7023EF-B536-4547-859F-4B54064AC2BA}.Release|iPhoneSimulator.Build.0 = Release|iPhoneSimulator
		{6F7023EF-B536-4547-859F-4B54064AC2BA}.Release|x64.ActiveCfg = Release|iPhone
		{6F7023EF-B536-4547-859F-4B54064AC2BA}.Release|x86.ActiveCfg = Release|iPhone
		{C1FB1603-69D9-4292-916B-94623198BFA6}.Ad-Hoc|Any CPU.ActiveCfg = Release|Any CPU
		{C1FB1603-69D9-4292-916B-94623198BFA6}.Ad-Hoc|Any CPU.Build.0 = Release|Any CPU
		{C1FB1603-69D9-4292-916B-94623198BFA6}.Ad-Hoc|Any CPU.Deploy.0 = Release|Any CPU
		{C1FB1603-69D9-4292-916B-94623198BFA6}.Ad-Hoc|ARM.ActiveCfg = Release|ARM
		{C1FB1603-69D9-4292-916B-94623198BFA6}.Ad-Hoc|ARM.Build.0 = Release|ARM
		{C1FB1603-69D9-4292-916B-94623198BFA6}.Ad-Hoc|ARM.Deploy.0 = Release|ARM
		{C1FB1603-69D9-4292-916B-94623198BFA6}.Ad-Hoc|iPhone.ActiveCfg = Release|Any CPU
		{C1FB1603-69D9-4292-916B-94623198BFA6}.Ad-Hoc|iPhone.Build.0 = Release|Any CPU
		{C1FB1603-69D9-4292-916B-94623198BFA6}.Ad-Hoc|iPhone.Deploy.0 = Release|Any CPU
		{C1FB1603-69D9-4292-916B-94623198BFA6}.Ad-Hoc|iPhoneSimulator.ActiveCfg = Release|Any CPU
		{C1FB1603-69D9-4292-916B-94623198BFA6}.Ad-Hoc|iPhoneSimulator.Build.0 = Release|Any CPU
		{C1FB1603-69D9-4292-916B-94623198BFA6}.Ad-Hoc|iPhoneSimulator.Deploy.0 = Release|Any CPU
		{C1FB1603-69D9-4292-916B-94623198BFA6}.Ad-Hoc|x64.ActiveCfg = Release|Any CPU
		{C1FB1603-69D9-4292-916B-94623198BFA6}.Ad-Hoc|x64.Build.0 = Release|Any CPU
		{C1FB1603-69D9-4292-916B-94623198BFA6}.Ad-Hoc|x64.Deploy.0 = Release|Any CPU
		{C1FB1603-69D9-4292-916B-94623198BFA6}.Ad-Hoc|x86.ActiveCfg = Release|x86
		{C1FB1603-69D9-4292-916B-94623198BFA6}.Ad-Hoc|x86.Build.0 = Release|x86
		{C1FB1603-69D9-4292-916B-94623198BFA6}.Ad-Hoc|x86.Deploy.0 = Release|x86
		{C1FB1603-69D9-4292-916B-94623198BFA6}.AppStore|Any CPU.ActiveCfg = Release|Any CPU
		{C1FB1603-69D9-4292-916B-94623198BFA6}.AppStore|Any CPU.Build.0 = Release|Any CPU
		{C1FB1603-69D9-4292-916B-94623198BFA6}.AppStore|Any CPU.Deploy.0 = Release|Any CPU
		{C1FB1603-69D9-4292-916B-94623198BFA6}.AppStore|ARM.ActiveCfg = Release|ARM
		{C1FB1603-69D9-4292-916B-94623198BFA6}.AppStore|ARM.Build.0 = Release|ARM
		{C1FB1603-69D9-4292-916B-94623198BFA6}.AppStore|ARM.Deploy.0 = Release|ARM
		{C1FB1603-69D9-4292-916B-94623198BFA6}.AppStore|iPhone.ActiveCfg = Release|Any CPU
		{C1FB1603-69D9-4292-916B-94623198BFA6}.AppStore|iPhone.Build.0 = Release|Any CPU
		{C1FB1603-69D9-4292-916B-94623198BFA6}.AppStore|iPhone.Deploy.0 = Release|Any CPU
		{C1FB1603-69D9-4292-916B-94623198BFA6}.AppStore|iPhoneSimulator.ActiveCfg = Release|Any CPU
		{C1FB1603-69D9-4292-916B-94623198BFA6}.AppStore|iPhoneSimulator.Build.0 = Release|Any CPU
		{C1FB1603-69D9-4292-916B-94623198BFA6}.AppStore|iPhoneSimulator.Deploy.0 = Release|Any CPU
		{C1FB1603-69D9-4292-916B-94623198BFA6}.AppStore|x64.ActiveCfg = Release|Any CPU
		{C1FB1603-69D9-4292-916B-94623198BFA6}.AppStore|x64.Build.0 = Release|Any CPU
		{C1FB1603-69D9-4292-916B-94623198BFA6}.AppStore|x64.Deploy.0 = Release|Any CPU
		{C1FB1603-69D9-4292-916B-94623198BFA6}.AppStore|x86.ActiveCfg = Release|x86
		{C1FB1603-69D9-4292-916B-94623198BFA6}.AppStore|x86.Build.0 = Release|x86
		{C1FB1603-69D9-4292-916B-94623198BFA6}.AppStore|x86.Deploy.0 = Release|x86
		{C1FB1603-69D9-4292-916B-94623198BFA6}.Debug|Any CPU.ActiveCfg = Debug|Any CPU
		{C1FB1603-69D9-4292-916B-94623198BFA6}.Debug|Any CPU.Build.0 = Debug|Any CPU
		{C1FB1603-69D9-4292-916B-94623198BFA6}.Debug|Any CPU.Deploy.0 = Debug|Any CPU
		{C1FB1603-69D9-4292-916B-94623198BFA6}.Debug|ARM.ActiveCfg = Debug|ARM
		{C1FB1603-69D9-4292-916B-94623198BFA6}.Debug|ARM.Build.0 = Debug|ARM
		{C1FB1603-69D9-4292-916B-94623198BFA6}.Debug|ARM.Deploy.0 = Debug|ARM
		{C1FB1603-69D9-4292-916B-94623198BFA6}.Debug|iPhone.ActiveCfg = Debug|Any CPU
		{C1FB1603-69D9-4292-916B-94623198BFA6}.Debug|iPhone.Build.0 = Debug|Any CPU
		{C1FB1603-69D9-4292-916B-94623198BFA6}.Debug|iPhone.Deploy.0 = Debug|Any CPU
		{C1FB1603-69D9-4292-916B-94623198BFA6}.Debug|iPhoneSimulator.ActiveCfg = Debug|Any CPU
		{C1FB1603-69D9-4292-916B-94623198BFA6}.Debug|iPhoneSimulator.Build.0 = Debug|Any CPU
		{C1FB1603-69D9-4292-916B-94623198BFA6}.Debug|iPhoneSimulator.Deploy.0 = Debug|Any CPU
		{C1FB1603-69D9-4292-916B-94623198BFA6}.Debug|x64.ActiveCfg = Debug|Any CPU
		{C1FB1603-69D9-4292-916B-94623198BFA6}.Debug|x64.Build.0 = Debug|Any CPU
		{C1FB1603-69D9-4292-916B-94623198BFA6}.Debug|x64.Deploy.0 = Debug|Any CPU
		{C1FB1603-69D9-4292-916B-94623198BFA6}.Debug|x86.ActiveCfg = Debug|x86
		{C1FB1603-69D9-4292-916B-94623198BFA6}.Debug|x86.Build.0 = Debug|x86
		{C1FB1603-69D9-4292-916B-94623198BFA6}.Debug|x86.Deploy.0 = Debug|x86
		{C1FB1603-69D9-4292-916B-94623198BFA6}.Release|Any CPU.ActiveCfg = Release|Any CPU
		{C1FB1603-69D9-4292-916B-94623198BFA6}.Release|Any CPU.Build.0 = Release|Any CPU
		{C1FB1603-69D9-4292-916B-94623198BFA6}.Release|Any CPU.Deploy.0 = Release|Any CPU
		{C1FB1603-69D9-4292-916B-94623198BFA6}.Release|ARM.ActiveCfg = Release|ARM
		{C1FB1603-69D9-4292-916B-94623198BFA6}.Release|ARM.Build.0 = Release|ARM
		{C1FB1603-69D9-4292-916B-94623198BFA6}.Release|ARM.Deploy.0 = Release|ARM
		{C1FB1603-69D9-4292-916B-94623198BFA6}.Release|iPhone.ActiveCfg = Release|Any CPU
		{C1FB1603-69D9-4292-916B-94623198BFA6}.Release|iPhone.Build.0 = Release|Any CPU
		{C1FB1603-69D9-4292-916B-94623198BFA6}.Release|iPhone.Deploy.0 = Release|Any CPU
		{C1FB1603-69D9-4292-916B-94623198BFA6}.Release|iPhoneSimulator.ActiveCfg = Release|Any CPU
		{C1FB1603-69D9-4292-916B-94623198BFA6}.Release|iPhoneSimulator.Build.0 = Release|Any CPU
		{C1FB1603-69D9-4292-916B-94623198BFA6}.Release|iPhoneSimulator.Deploy.0 = Release|Any CPU
		{C1FB1603-69D9-4292-916B-94623198BFA6}.Release|x64.ActiveCfg = Release|Any CPU
		{C1FB1603-69D9-4292-916B-94623198BFA6}.Release|x64.Build.0 = Release|Any CPU
		{C1FB1603-69D9-4292-916B-94623198BFA6}.Release|x64.Deploy.0 = Release|Any CPU
		{C1FB1603-69D9-4292-916B-94623198BFA6}.Release|x86.ActiveCfg = Release|x86
		{C1FB1603-69D9-4292-916B-94623198BFA6}.Release|x86.Build.0 = Release|x86
		{C1FB1603-69D9-4292-916B-94623198BFA6}.Release|x86.Deploy.0 = Release|x86
		{95ABD55D-8640-4B22-8290-955BC9EF03EB}.Ad-Hoc|Any CPU.ActiveCfg = Release|x86
		{95ABD55D-8640-4B22-8290-955BC9EF03EB}.Ad-Hoc|Any CPU.Build.0 = Release|x86
		{95ABD55D-8640-4B22-8290-955BC9EF03EB}.Ad-Hoc|Any CPU.Deploy.0 = Release|x86
		{95ABD55D-8640-4B22-8290-955BC9EF03EB}.Ad-Hoc|ARM.ActiveCfg = Release|ARM
		{95ABD55D-8640-4B22-8290-955BC9EF03EB}.Ad-Hoc|ARM.Build.0 = Release|ARM
		{95ABD55D-8640-4B22-8290-955BC9EF03EB}.Ad-Hoc|ARM.Deploy.0 = Release|ARM
		{95ABD55D-8640-4B22-8290-955BC9EF03EB}.Ad-Hoc|iPhone.ActiveCfg = Release|x86
		{95ABD55D-8640-4B22-8290-955BC9EF03EB}.Ad-Hoc|iPhone.Build.0 = Release|x86
		{95ABD55D-8640-4B22-8290-955BC9EF03EB}.Ad-Hoc|iPhone.Deploy.0 = Release|x86
		{95ABD55D-8640-4B22-8290-955BC9EF03EB}.Ad-Hoc|iPhoneSimulator.ActiveCfg = Release|x86
		{95ABD55D-8640-4B22-8290-955BC9EF03EB}.Ad-Hoc|iPhoneSimulator.Build.0 = Release|x86
		{95ABD55D-8640-4B22-8290-955BC9EF03EB}.Ad-Hoc|iPhoneSimulator.Deploy.0 = Release|x86
		{95ABD55D-8640-4B22-8290-955BC9EF03EB}.Ad-Hoc|x64.ActiveCfg = Release|x64
		{95ABD55D-8640-4B22-8290-955BC9EF03EB}.Ad-Hoc|x64.Build.0 = Release|x64
		{95ABD55D-8640-4B22-8290-955BC9EF03EB}.Ad-Hoc|x64.Deploy.0 = Release|x64
		{95ABD55D-8640-4B22-8290-955BC9EF03EB}.Ad-Hoc|x86.ActiveCfg = Release|x86
		{95ABD55D-8640-4B22-8290-955BC9EF03EB}.Ad-Hoc|x86.Build.0 = Release|x86
		{95ABD55D-8640-4B22-8290-955BC9EF03EB}.Ad-Hoc|x86.Deploy.0 = Release|x86
		{95ABD55D-8640-4B22-8290-955BC9EF03EB}.AppStore|Any CPU.ActiveCfg = Release|x86
		{95ABD55D-8640-4B22-8290-955BC9EF03EB}.AppStore|Any CPU.Build.0 = Release|x86
		{95ABD55D-8640-4B22-8290-955BC9EF03EB}.AppStore|Any CPU.Deploy.0 = Release|x86
		{95ABD55D-8640-4B22-8290-955BC9EF03EB}.AppStore|ARM.ActiveCfg = Release|ARM
		{95ABD55D-8640-4B22-8290-955BC9EF03EB}.AppStore|ARM.Build.0 = Release|ARM
		{95ABD55D-8640-4B22-8290-955BC9EF03EB}.AppStore|ARM.Deploy.0 = Release|ARM
		{95ABD55D-8640-4B22-8290-955BC9EF03EB}.AppStore|iPhone.ActiveCfg = Release|x86
		{95ABD55D-8640-4B22-8290-955BC9EF03EB}.AppStore|iPhone.Build.0 = Release|x86
		{95ABD55D-8640-4B22-8290-955BC9EF03EB}.AppStore|iPhone.Deploy.0 = Release|x86
		{95ABD55D-8640-4B22-8290-955BC9EF03EB}.AppStore|iPhoneSimulator.ActiveCfg = Release|x86
		{95ABD55D-8640-4B22-8290-955BC9EF03EB}.AppStore|iPhoneSimulator.Build.0 = Release|x86
		{95ABD55D-8640-4B22-8290-955BC9EF03EB}.AppStore|iPhoneSimulator.Deploy.0 = Release|x86
		{95ABD55D-8640-4B22-8290-955BC9EF03EB}.AppStore|x64.ActiveCfg = Release|x64
		{95ABD55D-8640-4B22-8290-955BC9EF03EB}.AppStore|x64.Build.0 = Release|x64
		{95ABD55D-8640-4B22-8290-955BC9EF03EB}.AppStore|x64.Deploy.0 = Release|x64
		{95ABD55D-8640-4B22-8290-955BC9EF03EB}.AppStore|x86.ActiveCfg = Release|x86
		{95ABD55D-8640-4B22-8290-955BC9EF03EB}.AppStore|x86.Build.0 = Release|x86
		{95ABD55D-8640-4B22-8290-955BC9EF03EB}.AppStore|x86.Deploy.0 = Release|x86
		{95ABD55D-8640-4B22-8290-955BC9EF03EB}.Debug|Any CPU.ActiveCfg = Debug|x86
		{95ABD55D-8640-4B22-8290-955BC9EF03EB}.Debug|ARM.ActiveCfg = Debug|ARM
		{95ABD55D-8640-4B22-8290-955BC9EF03EB}.Debug|ARM.Build.0 = Debug|ARM
		{95ABD55D-8640-4B22-8290-955BC9EF03EB}.Debug|ARM.Deploy.0 = Debug|ARM
		{95ABD55D-8640-4B22-8290-955BC9EF03EB}.Debug|iPhone.ActiveCfg = Debug|x86
		{95ABD55D-8640-4B22-8290-955BC9EF03EB}.Debug|iPhoneSimulator.ActiveCfg = Debug|x86
		{95ABD55D-8640-4B22-8290-955BC9EF03EB}.Debug|x64.ActiveCfg = Debug|x64
		{95ABD55D-8640-4B22-8290-955BC9EF03EB}.Debug|x64.Build.0 = Debug|x64
		{95ABD55D-8640-4B22-8290-955BC9EF03EB}.Debug|x64.Deploy.0 = Debug|x64
		{95ABD55D-8640-4B22-8290-955BC9EF03EB}.Debug|x86.ActiveCfg = Debug|x86
		{95ABD55D-8640-4B22-8290-955BC9EF03EB}.Debug|x86.Build.0 = Debug|x86
		{95ABD55D-8640-4B22-8290-955BC9EF03EB}.Debug|x86.Deploy.0 = Debug|x86
		{95ABD55D-8640-4B22-8290-955BC9EF03EB}.Release|Any CPU.ActiveCfg = Release|x86
		{95ABD55D-8640-4B22-8290-955BC9EF03EB}.Release|ARM.ActiveCfg = Release|ARM
		{95ABD55D-8640-4B22-8290-955BC9EF03EB}.Release|ARM.Build.0 = Release|ARM
		{95ABD55D-8640-4B22-8290-955BC9EF03EB}.Release|ARM.Deploy.0 = Release|ARM
		{95ABD55D-8640-4B22-8290-955BC9EF03EB}.Release|iPhone.ActiveCfg = Release|x86
		{95ABD55D-8640-4B22-8290-955BC9EF03EB}.Release|iPhoneSimulator.ActiveCfg = Release|x86
		{95ABD55D-8640-4B22-8290-955BC9EF03EB}.Release|x64.ActiveCfg = Release|x64
		{95ABD55D-8640-4B22-8290-955BC9EF03EB}.Release|x64.Build.0 = Release|x64
		{95ABD55D-8640-4B22-8290-955BC9EF03EB}.Release|x64.Deploy.0 = Release|x64
		{95ABD55D-8640-4B22-8290-955BC9EF03EB}.Release|x86.ActiveCfg = Release|x86
		{95ABD55D-8640-4B22-8290-955BC9EF03EB}.Release|x86.Build.0 = Release|x86
		{95ABD55D-8640-4B22-8290-955BC9EF03EB}.Release|x86.Deploy.0 = Release|x86
		{8D954B73-BC82-4213-A184-30417BB6E887}.Ad-Hoc|Any CPU.ActiveCfg = Release|Any CPU
		{8D954B73-BC82-4213-A184-30417BB6E887}.Ad-Hoc|Any CPU.Build.0 = Release|Any CPU
		{8D954B73-BC82-4213-A184-30417BB6E887}.Ad-Hoc|Any CPU.Deploy.0 = Release|Any CPU
		{8D954B73-BC82-4213-A184-30417BB6E887}.Ad-Hoc|ARM.ActiveCfg = Release|ARM
		{8D954B73-BC82-4213-A184-30417BB6E887}.Ad-Hoc|ARM.Build.0 = Release|ARM
		{8D954B73-BC82-4213-A184-30417BB6E887}.Ad-Hoc|ARM.Deploy.0 = Release|ARM
		{8D954B73-BC82-4213-A184-30417BB6E887}.Ad-Hoc|iPhone.ActiveCfg = Release|Any CPU
		{8D954B73-BC82-4213-A184-30417BB6E887}.Ad-Hoc|iPhone.Build.0 = Release|Any CPU
		{8D954B73-BC82-4213-A184-30417BB6E887}.Ad-Hoc|iPhone.Deploy.0 = Release|Any CPU
		{8D954B73-BC82-4213-A184-30417BB6E887}.Ad-Hoc|iPhoneSimulator.ActiveCfg = Release|Any CPU
		{8D954B73-BC82-4213-A184-30417BB6E887}.Ad-Hoc|iPhoneSimulator.Build.0 = Release|Any CPU
		{8D954B73-BC82-4213-A184-30417BB6E887}.Ad-Hoc|iPhoneSimulator.Deploy.0 = Release|Any CPU
		{8D954B73-BC82-4213-A184-30417BB6E887}.Ad-Hoc|x64.ActiveCfg = Release|x64
		{8D954B73-BC82-4213-A184-30417BB6E887}.Ad-Hoc|x64.Build.0 = Release|x64
		{8D954B73-BC82-4213-A184-30417BB6E887}.Ad-Hoc|x64.Deploy.0 = Release|x64
		{8D954B73-BC82-4213-A184-30417BB6E887}.Ad-Hoc|x86.ActiveCfg = Release|x86
		{8D954B73-BC82-4213-A184-30417BB6E887}.Ad-Hoc|x86.Build.0 = Release|x86
		{8D954B73-BC82-4213-A184-30417BB6E887}.Ad-Hoc|x86.Deploy.0 = Release|x86
		{8D954B73-BC82-4213-A184-30417BB6E887}.AppStore|Any CPU.ActiveCfg = Release|Any CPU
		{8D954B73-BC82-4213-A184-30417BB6E887}.AppStore|Any CPU.Build.0 = Release|Any CPU
		{8D954B73-BC82-4213-A184-30417BB6E887}.AppStore|Any CPU.Deploy.0 = Release|Any CPU
		{8D954B73-BC82-4213-A184-30417BB6E887}.AppStore|ARM.ActiveCfg = Release|ARM
		{8D954B73-BC82-4213-A184-30417BB6E887}.AppStore|ARM.Build.0 = Release|ARM
		{8D954B73-BC82-4213-A184-30417BB6E887}.AppStore|ARM.Deploy.0 = Release|ARM
		{8D954B73-BC82-4213-A184-30417BB6E887}.AppStore|iPhone.ActiveCfg = Release|Any CPU
		{8D954B73-BC82-4213-A184-30417BB6E887}.AppStore|iPhone.Build.0 = Release|Any CPU
		{8D954B73-BC82-4213-A184-30417BB6E887}.AppStore|iPhone.Deploy.0 = Release|Any CPU
		{8D954B73-BC82-4213-A184-30417BB6E887}.AppStore|iPhoneSimulator.ActiveCfg = Release|Any CPU
		{8D954B73-BC82-4213-A184-30417BB6E887}.AppStore|iPhoneSimulator.Build.0 = Release|Any CPU
		{8D954B73-BC82-4213-A184-30417BB6E887}.AppStore|iPhoneSimulator.Deploy.0 = Release|Any CPU
		{8D954B73-BC82-4213-A184-30417BB6E887}.AppStore|x64.ActiveCfg = Release|x64
		{8D954B73-BC82-4213-A184-30417BB6E887}.AppStore|x64.Build.0 = Release|x64
		{8D954B73-BC82-4213-A184-30417BB6E887}.AppStore|x64.Deploy.0 = Release|x64
		{8D954B73-BC82-4213-A184-30417BB6E887}.AppStore|x86.ActiveCfg = Release|x86
		{8D954B73-BC82-4213-A184-30417BB6E887}.AppStore|x86.Build.0 = Release|x86
		{8D954B73-BC82-4213-A184-30417BB6E887}.AppStore|x86.Deploy.0 = Release|x86
		{8D954B73-BC82-4213-A184-30417BB6E887}.Debug|Any CPU.ActiveCfg = Debug|Any CPU
		{8D954B73-BC82-4213-A184-30417BB6E887}.Debug|Any CPU.Build.0 = Debug|Any CPU
		{8D954B73-BC82-4213-A184-30417BB6E887}.Debug|Any CPU.Deploy.0 = Debug|Any CPU
		{8D954B73-BC82-4213-A184-30417BB6E887}.Debug|ARM.ActiveCfg = Debug|ARM
		{8D954B73-BC82-4213-A184-30417BB6E887}.Debug|ARM.Build.0 = Debug|ARM
		{8D954B73-BC82-4213-A184-30417BB6E887}.Debug|ARM.Deploy.0 = Debug|ARM
		{8D954B73-BC82-4213-A184-30417BB6E887}.Debug|iPhone.ActiveCfg = Debug|Any CPU
		{8D954B73-BC82-4213-A184-30417BB6E887}.Debug|iPhone.Build.0 = Debug|Any CPU
		{8D954B73-BC82-4213-A184-30417BB6E887}.Debug|iPhone.Deploy.0 = Debug|Any CPU
		{8D954B73-BC82-4213-A184-30417BB6E887}.Debug|iPhoneSimulator.ActiveCfg = Debug|Any CPU
		{8D954B73-BC82-4213-A184-30417BB6E887}.Debug|iPhoneSimulator.Build.0 = Debug|Any CPU
		{8D954B73-BC82-4213-A184-30417BB6E887}.Debug|iPhoneSimulator.Deploy.0 = Debug|Any CPU
		{8D954B73-BC82-4213-A184-30417BB6E887}.Debug|x64.ActiveCfg = Debug|x64
		{8D954B73-BC82-4213-A184-30417BB6E887}.Debug|x64.Build.0 = Debug|x64
		{8D954B73-BC82-4213-A184-30417BB6E887}.Debug|x64.Deploy.0 = Debug|x64
		{8D954B73-BC82-4213-A184-30417BB6E887}.Debug|x86.ActiveCfg = Debug|x86
		{8D954B73-BC82-4213-A184-30417BB6E887}.Debug|x86.Build.0 = Debug|x86
		{8D954B73-BC82-4213-A184-30417BB6E887}.Debug|x86.Deploy.0 = Debug|x86
		{8D954B73-BC82-4213-A184-30417BB6E887}.Release|Any CPU.ActiveCfg = Release|Any CPU
		{8D954B73-BC82-4213-A184-30417BB6E887}.Release|Any CPU.Build.0 = Release|Any CPU
		{8D954B73-BC82-4213-A184-30417BB6E887}.Release|Any CPU.Deploy.0 = Release|Any CPU
		{8D954B73-BC82-4213-A184-30417BB6E887}.Release|ARM.ActiveCfg = Release|ARM
		{8D954B73-BC82-4213-A184-30417BB6E887}.Release|ARM.Build.0 = Release|ARM
		{8D954B73-BC82-4213-A184-30417BB6E887}.Release|ARM.Deploy.0 = Release|ARM
		{8D954B73-BC82-4213-A184-30417BB6E887}.Release|iPhone.ActiveCfg = Release|Any CPU
		{8D954B73-BC82-4213-A184-30417BB6E887}.Release|iPhone.Build.0 = Release|Any CPU
		{8D954B73-BC82-4213-A184-30417BB6E887}.Release|iPhone.Deploy.0 = Release|Any CPU
		{8D954B73-BC82-4213-A184-30417BB6E887}.Release|iPhoneSimulator.ActiveCfg = Release|Any CPU
		{8D954B73-BC82-4213-A184-30417BB6E887}.Release|iPhoneSimulator.Build.0 = Release|Any CPU
		{8D954B73-BC82-4213-A184-30417BB6E887}.Release|iPhoneSimulator.Deploy.0 = Release|Any CPU
		{8D954B73-BC82-4213-A184-30417BB6E887}.Release|x64.ActiveCfg = Release|x64
		{8D954B73-BC82-4213-A184-30417BB6E887}.Release|x64.Build.0 = Release|x64
		{8D954B73-BC82-4213-A184-30417BB6E887}.Release|x64.Deploy.0 = Release|x64
		{8D954B73-BC82-4213-A184-30417BB6E887}.Release|x86.ActiveCfg = Release|x86
		{8D954B73-BC82-4213-A184-30417BB6E887}.Release|x86.Build.0 = Release|x86
		{8D954B73-BC82-4213-A184-30417BB6E887}.Release|x86.Deploy.0 = Release|x86
	EndGlobalSection
	GlobalSection(SolutionProperties) = preSolution
		HideSolutionNode = FALSE
	EndGlobalSection
EndGlobal
